<?xml version="1.0" encoding="utf-8"?>
<Project ToolsVersion="4.0" xmlns="http://schemas.microsoft.com/developer/msbuild/2003">
  <ItemGroup>
    <Filter Include="Net">
      <UniqueIdentifier>{50e93395-95e9-4c20-bd34-e6c11cd18a11}</UniqueIdentifier>
    </Filter>
    <Filter Include="Core">
      <UniqueIdentifier>{81dc54ad-5e79-4971-af7a-4f551ef1e480}</UniqueIdentifier>
    </Filter>
    <Filter Include="Core\System">
      <UniqueIdentifier>{60d68b4c-4d69-49b9-b51c-bd813335fbb8}</UniqueIdentifier>
    </Filter>
    <Filter Include="Net\System">
      <UniqueIdentifier>{f033c628-8b2e-4567-b51f-655197aa499d}</UniqueIdentifier>
    </Filter>
    <Filter Include="Net\Packet">
      <UniqueIdentifier>{23a5302c-d7f6-4e6b-bbdc-b99dee14b6df}</UniqueIdentifier>
    </Filter>
    <Filter Include="Core\Math">
      <UniqueIdentifier>{a9157e09-11a6-4432-8975-d8ccc99d163c}</UniqueIdentifier>
    </Filter>
  </ItemGroup>
  <ItemGroup>
    <ClInclude Include="Buffer.h">
      <Filter>Net</Filter>
    </ClInclude>
    <ClInclude Include="Common.h">
      <Filter>Net</Filter>
    </ClInclude>
    <ClInclude Include="Session.h">
      <Filter>Net</Filter>
    </ClInclude>
    <ClInclude Include="BufferObject.h">
      <Filter>Net</Filter>
    </ClInclude>
    <ClInclude Include="Server.h">
      <Filter>Net</Filter>
    </ClInclude>
    <ClInclude Include="MutexQueue.h">
      <Filter>Net</Filter>
    </ClInclude>
    <ClInclude Include="Client.h">
      <Filter>Net</Filter>
    </ClInclude>
    <ClInclude Include="LogSystem.h">
      <Filter>Core\System</Filter>
    </ClInclude>
    <ClInclude Include="IOThread.h">
      <Filter>Net\System</Filter>
    </ClInclude>
    <ClInclude Include="Channel.h">
      <Filter>Net</Filter>
    </ClInclude>
    <ClInclude Include="Packet.h">
      <Filter>Net\Packet</Filter>
    </ClInclude>
    <ClInclude Include="Serializer.h">
      <Filter>Net\Packet</Filter>
    </ClInclude>
    <ClInclude Include="MsgPacket.h">
      <Filter>Net\Packet</Filter>
    </ClInclude>
    <ClInclude Include="PositionPacket.h">
      <Filter>Net\Packet</Filter>
    </ClInclude>
    <ClInclude Include="Vector3.h">
      <Filter>Core\Math</Filter>
    </ClInclude>
    <ClInclude Include="UserInfo.h">
      <Filter>Net\Packet</Filter>
    </ClInclude>
    <ClInclude Include="LoginPacket.h">
      <Filter>Net\Packet</Filter>
    </ClInclude>
  </ItemGroup>
  <ItemGroup>
    <ClCompile Include="test.cpp">
      <Filter>Net</Filter>
    </ClCompile>
    <ClCompile Include="Session.cpp">
      <Filter>Net</Filter>
    </ClCompile>
    <ClCompile Include="Server.cpp">
      <Filter>Net</Filter>
    </ClCompile>
    <ClCompile Include="Client.cpp">
      <Filter>Net</Filter>
    </ClCompile>
    <ClCompile Include="LogSystem.cpp">
      <Filter>Core\System</Filter>
    </ClCompile>
    <ClCompile Include="IOThread.cpp">
      <Filter>Net\System</Filter>
    </ClCompile>
    <ClCompile Include="Channel.cpp">
      <Filter>Net</Filter>
    </ClCompile>
    <ClCompile Include="Serializer.cpp">
      <Filter>Net\Packet</Filter>
    </ClCompile>
    <ClCompile Include="MsgPacket.cpp">
      <Filter>Net\Packet</Filter>
    </ClCompile>
    <ClCompile Include="PositionPacket.cpp">
      <Filter>Net\Packet</Filter>
    </ClCompile>
    <ClCompile Include="UserInfo.cpp">
      <Filter>Net\Packet</Filter>
    </ClCompile>
    <ClCompile Include="LoginPacket.cpp">
      <Filter>Net\Packet</Filter>
    </ClCompile>
  </ItemGroup>
</Project>