<?xml version="1.0" encoding="utf-8"?>
<Project ToolsVersion="4.0" xmlns="http://schemas.microsoft.com/developer/msbuild/2003">
  <ItemGroup>
    <Filter Include="Client">
      <UniqueIdentifier>{7c30921f-f9a6-46bd-8e87-ecccc6107f05}</UniqueIdentifier>
    </Filter>
  </ItemGroup>
  <ItemGroup>
    <ClCompile Include="main.cpp">
      <Filter>Client</Filter>
    </ClCompile>
    <ClCompile Include="ClientSession.cpp">
      <Filter>Client</Filter>
    </ClCompile>
    <ClCompile Include="TestClient.cpp">
      <Filter>Client</Filter>
    </ClCompile>
  </ItemGroup>
  <ItemGroup>
    <ClInclude Include="ClientSession.h">
      <Filter>Client</Filter>
    </ClInclude>
    <ClInclude Include="TestClient.h">
      <Filter>Client</Filter>
    </ClInclude>
  </ItemGroup>
</Project>